
Microsoft Visual Studio Solution File, Format Version 12.00
# Visual Studio 2013
VisualStudioVersion = 12.0.30723.0
MinimumVisualStudioVersion = 10.0.40219.1
Project("{FAE04EC0-301F-11D3-BF4B-00C04F79EFBC}") = "Db.SoapLibrary.Specification", "Db.SoapLibrary.Specification\Db.SoapLibrary.Specification.csproj", "{815F4D71-4237-4936-84D3-06B4D3A54BDA}"
EndProject
Project("{FAE04EC0-301F-11D3-BF4B-00C04F79EFBC}") = "DB.SoapLibrary", "DB.SoapLibrary\DB.SoapLibrary.csproj", "{179B4C5C-28D7-49B0-A848-2F12E3B13528}"
EndProject
Global
	GlobalSection(SolutionConfigurationPlatforms) = preSolution
		Debug|Any CPU = Debug|Any CPU
		Release|Any CPU = Release|Any CPU
	EndGlobalSection
	GlobalSection(ProjectConfigurationPlatforms) = postSolution
		{815F4D71-4237-4936-84D3-06B4D3A54BDA}.Debug|Any CPU.ActiveCfg = Debug|Any CPU
		{815F4D71-4237-4936-84D3-06B4D3A54BDA}.Debug|Any CPU.Build.0 = Debug|Any CPU
		{815F4D71-4237-4936-84D3-06B4D3A54BDA}.Release|Any CPU.ActiveCfg = Release|Any CPU
		{815F4D71-4237-4936-84D3-06B4D3A54BDA}.Release|Any CPU.Build.0 = Release|Any CPU
		{179B4C5C-28D7-49B0-A848-2F12E3B13528}.Debug|Any CPU.ActiveCfg = Debug|Any CPU
		{179B4C5C-28D7-49B0-A848-2F12E3B13528}.Debug|Any CPU.Build.0 = Debug|Any CPU
		{179B4C5C-28D7-49B0-A848-2F12E3B13528}.Release|Any CPU.ActiveCfg = Release|Any CPU
		{179B4C5C-28D7-49B0-A848-2F12E3B13528}.Release|Any CPU.Build.0 = Release|Any CPU
	EndGlobalSection
	GlobalSection(SolutionProperties) = preSolution
		HideSolutionNode = FALSE
	EndGlobalSection
EndGlobal
